// !$*UTF8*$!
{
	archiveVersion = 1;
	classes = {
	};
	objectVersion = 48;
	objects = {

/* Begin PBXBuildFile section */
		5B716C811FDCECC40056EE9A /* AppDelegate.swift in Sources */ = {isa = PBXBuildFile; fileRef = 5B716C801FDCECC40056EE9A /* AppDelegate.swift */; };
		5B716C831FDCECC40056EE9A /* ViewController.swift in Sources */ = {isa = PBXBuildFile; fileRef = 5B716C821FDCECC40056EE9A /* ViewController.swift */; };
		5B716C861FDCECC40056EE9A /* Main.storyboard in Resources */ = {isa = PBXBuildFile; fileRef = 5B716C841FDCECC40056EE9A /* Main.storyboard */; };
		5B716C881FDCECC40056EE9A /* Assets.xcassets in Resources */ = {isa = PBXBuildFile; fileRef = 5B716C871FDCECC40056EE9A /* Assets.xcassets */; };
		5B716C8B1FDCECC40056EE9A /* LaunchScreen.storyboard in Resources */ = {isa = PBXBuildFile; fileRef = 5B716C891FDCECC40056EE9A /* LaunchScreen.storyboard */; };
		5B716C961FDCECC40056EE9A /* TP_pgalgo_finaleTests.swift in Sources */ = {isa = PBXBuildFile; fileRef = 5B716C951FDCECC40056EE9A /* TP_pgalgo_finaleTests.swift */; };
		5B716CA11FDCECC40056EE9A /* TP_pgalgo_finaleUITests.swift in Sources */ = {isa = PBXBuildFile; fileRef = 5B716CA01FDCECC40056EE9A /* TP_pgalgo_finaleUITests.swift */; };
		5B716CAF1FDCED4D0056EE9A /* Bounce.swift in Sources */ = {isa = PBXBuildFile; fileRef = 5B716CAE1FDCED4D0056EE9A /* Bounce.swift */; };
/* End PBXBuildFile section */

/* Begin PBXContainerItemProxy section */
		5B716C921FDCECC40056EE9A /* PBXContainerItemProxy */ = {
			isa = PBXContainerItemProxy;
			containerPortal = 5B716C751FDCECC30056EE9A /* Project object */;
			proxyType = 1;
			remoteGlobalIDString = 5B716C7C1FDCECC30056EE9A;
			remoteInfo = TP_pgalgo_finale;
		};
		5B716C9D1FDCECC40056EE9A /* PBXContainerItemProxy */ = {
			isa = PBXContainerItemProxy;
			containerPortal = 5B716C751FDCECC30056EE9A /* Project object */;
			proxyType = 1;
			remoteGlobalIDString = 5B716C7C1FDCECC30056EE9A;
			remoteInfo = TP_pgalgo_finale;
		};
/* End PBXContainerItemProxy section */

/* Begin PBXFileReference section */
		5B716C7D1FDCECC30056EE9A /* TP_pgalgo_finale.app */ = {isa = PBXFileReference; explicitFileType = wrapper.application; includeInIndex = 0; path = TP_pgalgo_finale.app; sourceTree = BUILT_PRODUCTS_DIR; };
		5B716C801FDCECC40056EE9A /* AppDelegate.swift */ = {isa = PBXFileReference; lastKnownFileType = sourcecode.swift; path = AppDelegate.swift; sourceTree = "<group>"; };
		5B716C821FDCECC40056EE9A /* ViewController.swift */ = {isa = PBXFileReference; lastKnownFileType = sourcecode.swift; path = ViewController.swift; sourceTree = "<group>"; };
		5B716C851FDCECC40056EE9A /* Base */ = {isa = PBXFileReference; lastKnownFileType = file.storyboard; name = Base; path = Base.lproj/Main.storyboard; sourceTree = "<group>"; };
		5B716C871FDCECC40056EE9A /* Assets.xcassets */ = {isa = PBXFileReference; lastKnownFileType = folder.assetcatalog; path = Assets.xcassets; sourceTree = "<group>"; };
		5B716C8A1FDCECC40056EE9A /* Base */ = {isa = PBXFileReference; lastKnownFileType = file.storyboard; name = Base; path = Base.lproj/LaunchScreen.storyboard; sourceTree = "<group>"; };
		5B716C8C1FDCECC40056EE9A /* Info.plist */ = {isa = PBXFileReference; lastKnownFileType = text.plist.xml; path = Info.plist; sourceTree = "<group>"; };
		5B716C911FDCECC40056EE9A /* TP_pgalgo_finaleTests.xctest */ = {isa = PBXFileReference; explicitFileType = wrapper.cfbundle; includeInIndex = 0; path = TP_pgalgo_finaleTests.xctest; sourceTree = BUILT_PRODUCTS_DIR; };
		5B716C951FDCECC40056EE9A /* TP_pgalgo_finaleTests.swift */ = {isa = PBXFileReference; lastKnownFileType = sourcecode.swift; path = TP_pgalgo_finaleTests.swift; sourceTree = "<group>"; };
		5B716C971FDCECC40056EE9A /* Info.plist */ = {isa = PBXFileReference; lastKnownFileType = text.plist.xml; path = Info.plist; sourceTree = "<group>"; };
		5B716C9C1FDCECC40056EE9A /* TP_pgalgo_finaleUITests.xctest */ = {isa = PBXFileReference; explicitFileType = wrapper.cfbundle; includeInIndex = 0; path = TP_pgalgo_finaleUITests.xctest; sourceTree = BUILT_PRODUCTS_DIR; };
		5B716CA01FDCECC40056EE9A /* TP_pgalgo_finaleUITests.swift */ = {isa = PBXFileReference; lastKnownFileType = sourcecode.swift; path = TP_pgalgo_finaleUITests.swift; sourceTree = "<group>"; };
		5B716CA21FDCECC40056EE9A /* Info.plist */ = {isa = PBXFileReference; lastKnownFileType = text.plist.xml; path = Info.plist; sourceTree = "<group>"; };
		5B716CAE1FDCED4D0056EE9A /* Bounce.swift */ = {isa = PBXFileReference; lastKnownFileType = sourcecode.swift; path = Bounce.swift; sourceTree = "<group>"; };
/* End PBXFileReference section */

/* Begin PBXFrameworksBuildPhase section */
		5B716C7A1FDCECC30056EE9A /* Frameworks */ = {
			isa = PBXFrameworksBuildPhase;
			buildActionMask = 2147483647;
			files = (
			);
			runOnlyForDeploymentPostprocessing = 0;
		};
		5B716C8E1FDCECC40056EE9A /* Frameworks */ = {
			isa = PBXFrameworksBuildPhase;
			buildActionMask = 2147483647;
			files = (
			);
			runOnlyForDeploymentPostprocessing = 0;
		};
		5B716C991FDCECC40056EE9A /* Frameworks */ = {
			isa = PBXFrameworksBuildPhase;
			buildActionMask = 2147483647;
			files = (
			);
			runOnlyForDeploymentPostprocessing = 0;
		};
/* End PBXFrameworksBuildPhase section */

/* Begin PBXGroup section */
		5B716C741FDCECC30056EE9A = {
			isa = PBXGroup;
			children = (
				5B716C7F1FDCECC30056EE9A /* TP_pgalgo_finale */,
				5B716C941FDCECC40056EE9A /* TP_pgalgo_finaleTests */,
				5B716C9F1FDCECC40056EE9A /* TP_pgalgo_finaleUITests */,
				5B716C7E1FDCECC30056EE9A /* Products */,
			);
			sourceTree = "<group>";
		};
		5B716C7E1FDCECC30056EE9A /* Products */ = {
			isa = PBXGroup;
			children = (
				5B716C7D1FDCECC30056EE9A /* TP_pgalgo_finale.app */,
				5B716C911FDCECC40056EE9A /* TP_pgalgo_finaleTests.xctest */,
				5B716C9C1FDCECC40056EE9A /* TP_pgalgo_finaleUITests.xctest */,
			);
			name = Products;
			sourceTree = "<group>";
		};
		5B716C7F1FDCECC30056EE9A /* TP_pgalgo_finale */ = {
			isa = PBXGroup;
			children = (
				5B716C801FDCECC40056EE9A /* AppDelegate.swift */,
				5B716C821FDCECC40056EE9A /* ViewController.swift */,
				5B716C841FDCECC40056EE9A /* Main.storyboard */,
				5B716C871FDCECC40056EE9A /* Assets.xcassets */,
				5B716C891FDCECC40056EE9A /* LaunchScreen.storyboard */,
				5B716C8C1FDCECC40056EE9A /* Info.plist */,
				5B716CAE1FDCED4D0056EE9A /* Bounce.swift */,
			);
			path = TP_pgalgo_finale;
			sourceTree = "<group>";
		};
		5B716C941FDCECC40056EE9A /* TP_pgalgo_finaleTests */ = {
			isa = PBXGroup;
			children = (
				5B716C951FDCECC40056EE9A /* TP_pgalgo_finaleTests.swift */,
				5B716C971FDCECC40056EE9A /* Info.plist */,
			);
			path = TP_pgalgo_finaleTests;
			sourceTree = "<group>";
		};
		5B716C9F1FDCECC40056EE9A /* TP_pgalgo_finaleUITests */ = {
			isa = PBXGroup;
			children = (
				5B716CA01FDCECC40056EE9A /* TP_pgalgo_finaleUITests.swift */,
				5B716CA21FDCECC40056EE9A /* Info.plist */,
			);
			path = TP_pgalgo_finaleUITests;
			sourceTree = "<group>";
		};
/* End PBXGroup section */

/* Begin PBXNativeTarget section */
		5B716C7C1FDCECC30056EE9A /* TP_pgalgo_finale */ = {
			isa = PBXNativeTarget;
			buildConfigurationList = 5B716CA51FDCECC40056EE9A /* Build configuration list for PBXNativeTarget "TP_pgalgo_finale" */;
			buildPhases = (
				5B716C791FDCECC30056EE9A /* Sources */,
				5B716C7A1FDCECC30056EE9A /* Frameworks */,
				5B716C7B1FDCECC30056EE9A /* Resources */,
			);
			buildRules = (
			);
			dependencies = (
			);
			name = TP_pgalgo_finale;
			productName = TP_pgalgo_finale;
			productReference = 5B716C7D1FDCECC30056EE9A /* TP_pgalgo_finale.app */;
			productType = "com.apple.product-type.application";
		};
		5B716C901FDCECC40056EE9A /* TP_pgalgo_finaleTests */ = {
			isa = PBXNativeTarget;
			buildConfigurationList = 5B716CA81FDCECC40056EE9A /* Build configuration list for PBXNativeTarget "TP_pgalgo_finaleTests" */;
			buildPhases = (
				5B716C8D1FDCECC40056EE9A /* Sources */,
				5B716C8E1FDCECC40056EE9A /* Frameworks */,
				5B716C8F1FDCECC40056EE9A /* Resources */,
			);
			buildRules = (
			);
			dependencies = (
				5B716C931FDCECC40056EE9A /* PBXTargetDependency */,
			);
			name = TP_pgalgo_finaleTests;
			productName = TP_pgalgo_finaleTests;
			productReference = 5B716C911FDCECC40056EE9A /* TP_pgalgo_finaleTests.xctest */;
			productType = "com.apple.product-type.bundle.unit-test";
		};
		5B716C9B1FDCECC40056EE9A /* TP_pgalgo_finaleUITests */ = {
			isa = PBXNativeTarget;
			buildConfigurationList = 5B716CAB1FDCECC40056EE9A /* Build configuration list for PBXNativeTarget "TP_pgalgo_finaleUITests" */;
			buildPhases = (
				5B716C981FDCECC40056EE9A /* Sources */,
				5B716C991FDCECC40056EE9A /* Frameworks */,
				5B716C9A1FDCECC40056EE9A /* Resources */,
			);
			buildRules = (
			);
			dependencies = (
				5B716C9E1FDCECC40056EE9A /* PBXTargetDependency */,
			);
			name = TP_pgalgo_finaleUITests;
			productName = TP_pgalgo_finaleUITests;
			productReference = 5B716C9C1FDCECC40056EE9A /* TP_pgalgo_finaleUITests.xctest */;
			productType = "com.apple.product-type.bundle.ui-testing";
		};
/* End PBXNativeTarget section */

/* Begin PBXProject section */
		5B716C751FDCECC30056EE9A /* Project object */ = {
			isa = PBXProject;
			attributes = {
				LastSwiftUpdateCheck = 0910;
				LastUpgradeCheck = 0910;
				ORGANIZATIONNAME = "Rodrigo de Freitas Motta Correa";
				TargetAttributes = {
					5B716C7C1FDCECC30056EE9A = {
						CreatedOnToolsVersion = 9.1;
						ProvisioningStyle = Automatic;
					};
					5B716C901FDCECC40056EE9A = {
						CreatedOnToolsVersion = 9.1;
						ProvisioningStyle = Automatic;
						TestTargetID = 5B716C7C1FDCECC30056EE9A;
					};
					5B716C9B1FDCECC40056EE9A = {
						CreatedOnToolsVersion = 9.1;
						ProvisioningStyle = Automatic;
						TestTargetID = 5B716C7C1FDCECC30056EE9A;
					};
				};
			};
			buildConfigurationList = 5B716C781FDCECC30056EE9A /* Build configuration list for PBXProject "TP_pgalgo_finale" */;
			compatibilityVersion = "Xcode 8.0";
			developmentRegion = en;
			hasScannedForEncodings = 0;
			knownRegions = (
				en,
				Base,
			);
			mainGroup = 5B716C741FDCECC30056EE9A;
			productRefGroup = 5B716C7E1FDCECC30056EE9A /* Products */;
			projectDirPath = "";
			projectRoot = "";
			targets = (
				5B716C7C1FDCECC30056EE9A /* TP_pgalgo_finale */,
				5B716C901FDCECC40056EE9A /* TP_pgalgo_finaleTests */,
				5B716C9B1FDCECC40056EE9A /* TP_pgalgo_finaleUITests */,
			);
		};
/* End PBXProject section */

/* Begin PBXResourcesBuildPhase section */
		5B716C7B1FDCECC30056EE9A /* Resources */ = {
			isa = PBXResourcesBuildPhase;
			buildActionMask = 2147483647;
			files = (
				5B716C8B1FDCECC40056EE9A /* LaunchScreen.storyboard in Resources */,
				5B716C881FDCECC40056EE9A /* Assets.xcassets in Resources */,
				5B716C861FDCECC40056EE9A /* Main.storyboard in Resources */,
			);
			runOnlyForDeploymentPostprocessing = 0;
		};
		5B716C8F1FDCECC40056EE9A /* Resources */ = {
			isa = PBXResourcesBuildPhase;
			buildActionMask = 2147483647;
			files = (
			);
			runOnlyForDeploymentPostprocessing = 0;
		};
		5B716C9A1FDCECC40056EE9A /* Resources */ = {
			isa = PBXResourcesBuildPhase;
			buildActionMask = 2147483647;
			files = (
			);
			runOnlyForDeploymentPostprocessing = 0;
		};
/* End PBXResourcesBuildPhase section */

/* Begin PBXSourcesBuildPhase section */
		5B716C791FDCECC30056EE9A /* Sources */ = {
			isa = PBXSourcesBuildPhase;
			buildActionMask = 2147483647;
			files = (
				5B716CAF1FDCED4D0056EE9A /* Bounce.swift in Sources */,
				5B716C831FDCECC40056EE9A /* ViewController.swift in Sources */,
				5B716C811FDCECC40056EE9A /* AppDelegate.swift in Sources */,
			);
			runOnlyForDeploymentPostprocessing = 0;
		};
		5B716C8D1FDCECC40056EE9A /* Sources */ = {
			isa = PBXSourcesBuildPhase;
			buildActionMask = 2147483647;
			files = (
				5B716C961FDCECC40056EE9A /* TP_pgalgo_finaleTests.swift in Sources */,
			);
			runOnlyForDeploymentPostprocessing = 0;
		};
		5B716C981FDCECC40056EE9A /* Sources */ = {
			isa = PBXSourcesBuildPhase;
			buildActionMask = 2147483647;
			files = (
				5B716CA11FDCECC40056EE9A /* TP_pgalgo_finaleUITests.swift in Sources */,
			);
			runOnlyForDeploymentPostprocessing = 0;
		};
/* End PBXSourcesBuildPhase section */

/* Begin PBXTargetDependency section */
		5B716C931FDCECC40056EE9A /* PBXTargetDependency */ = {
			isa = PBXTargetDependency;
			target = 5B716C7C1FDCECC30056EE9A /* TP_pgalgo_finale */;
			targetProxy = 5B716C921FDCECC40056EE9A /* PBXContainerItemProxy */;
		};
		5B716C9E1FDCECC40056EE9A /* PBXTargetDependency */ = {
			isa = PBXTargetDependency;
			target = 5B716C7C1FDCECC30056EE9A /* TP_pgalgo_finale */;
			targetProxy = 5B716C9D1FDCECC40056EE9A /* PBXContainerItemProxy */;
		};
/* End PBXTargetDependency section */

/* Begin PBXVariantGroup section */
		5B716C841FDCECC40056EE9A /* Main.storyboard */ = {
			isa = PBXVariantGroup;
			children = (
				5B716C851FDCECC40056EE9A /* Base */,
			);
			name = Main.storyboard;
			sourceTree = "<group>";
		};
		5B716C891FDCECC40056EE9A /* LaunchScreen.storyboard */ = {
			isa = PBXVariantGroup;
			children = (
				5B716C8A1FDCECC40056EE9A /* Base */,
			);
			name = LaunchScreen.storyboard;
			sourceTree = "<group>";
		};
/* End PBXVariantGroup section */

/* Begin XCBuildConfiguration section */
		5B716CA31FDCECC40056EE9A /* Debug */ = {
			isa = XCBuildConfiguration;
			buildSettings = {
				ALWAYS_SEARCH_USER_PATHS = NO;
				CLANG_ANALYZER_NONNULL = YES;
				CLANG_ANALYZER_NUMBER_OBJECT_CONVERSION = YES_AGGRESSIVE;
				CLANG_CXX_LANGUAGE_STANDARD = "gnu++14";
				CLANG_CXX_LIBRARY = "libc++";
				CLANG_ENABLE_MODULES = YES;
				CLANG_ENABLE_OBJC_ARC = YES;
				CLANG_WARN_BLOCK_CAPTURE_AUTORELEASING = YES;
				CLANG_WARN_BOOL_CONVERSION = YES;
				CLANG_WARN_COMMA = YES;
				CLANG_WARN_CONSTANT_CONVERSION = YES;
				CLANG_WARN_DIRECT_OBJC_ISA_USAGE = YES_ERROR;
				CLANG_WARN_DOCUMENTATION_COMMENTS = YES;
				CLANG_WARN_EMPTY_BODY = YES;
				CLANG_WARN_ENUM_CONVERSION = YES;
				CLANG_WARN_INFINITE_RECURSION = YES;
				CLANG_WARN_INT_CONVERSION = YES;
				CLANG_WARN_NON_LITERAL_NULL_CONVERSION = YES;
				CLANG_WARN_OBJC_LITERAL_CONVERSION = YES;
				CLANG_WARN_OBJC_ROOT_CLASS = YES_ERROR;
				CLANG_WARN_RANGE_LOOP_ANALYSIS = YES;
				CLANG_WARN_STRICT_PROTOTYPES = YES;
				CLANG_WARN_SUSPICIOUS_MOVE = YES;
				CLANG_WARN_UNGUARDED_AVAILABILITY = YES_AGGRESSIVE;
				CLANG_WARN_UNREACHABLE_CODE = YES;
				CLANG_WARN__DUPLICATE_METHOD_MATCH = YES;
				CODE_SIGN_IDENTITY = "iPhone Developer";
				COPY_PHASE_STRIP = NO;
				DEBUG_INFORMATION_FORMAT = dwarf;
				ENABLE_STRICT_OBJC_MSGSEND = YES;
				ENABLE_TESTABILITY = YES;
				GCC_C_LANGUAGE_STANDARD = gnu11;
				GCC_DYNAMIC_NO_PIC = NO;
				GCC_NO_COMMON_BLOCKS = YES;
				GCC_OPTIMIZATION_LEVEL = 0;
				GCC_PREPROCESSOR_DEFINITIONS = (
					"DEBUG=1",
					"$(inherited)",
				);
				GCC_WARN_64_TO_32_BIT_CONVERSION = YES;
				GCC_WARN_ABOUT_RETURN_TYPE = YES_ERROR;
				GCC_WARN_UNDECLARED_SELECTOR = YES;
				GCC_WARN_UNINITIALIZED_AUTOS = YES_AGGRESSIVE;
				GCC_WARN_UNUSED_FUNCTION = YES;
				GCC_WARN_UNUSED_VARIABLE = YES;
				IPHONEOS_DEPLOYMENT_TARGET = 11.1;
				MTL_ENABLE_DEBUG_INFO = YES;
				ONLY_ACTIVE_ARCH = YES;
				SDKROOT = iphoneos;
				SWIFT_ACTIVE_COMPILATION_CONDITIONS = DEBUG;
				SWIFT_OPTIMIZATION_LEVEL = "-Onone";
			};
			name = Debug;
		};
		5B716CA41FDCECC40056EE9A /* Release */ = {
			isa = XCBuildConfiguration;
			buildSettings = {
				ALWAYS_SEARCH_USER_PATHS = NO;
				CLANG_ANALYZER_NONNULL = YES;
				CLANG_ANALYZER_NUMBER_OBJECT_CONVERSION = YES_AGGRESSIVE;
				CLANG_CXX_LANGUAGE_STANDARD = "gnu++14";
				CLANG_CXX_LIBRARY = "libc++";
				CLANG_ENABLE_MODULES = YES;
				CLANG_ENABLE_OBJC_ARC = YES;
				CLANG_WARN_BLOCK_CAPTURE_AUTORELEASING = YES;
				CLANG_WARN_BOOL_CONVERSION = YES;
				CLANG_WARN_COMMA = YES;
				CLANG_WARN_CONSTANT_CONVERSION = YES;
				CLANG_WARN_DIRECT_OBJC_ISA_USAGE = YES_ERROR;
				CLANG_WARN_DOCUMENTATION_COMMENTS = YES;
				CLANG_WARN_EMPTY_BODY = YES;
				CLANG_WARN_ENUM_CONVERSION = YES;
				CLANG_WARN_INFINITE_RECURSION = YES;
				CLANG_WARN_INT_CONVERSION = YES;
				CLANG_WARN_NON_LITERAL_NULL_CONVERSION = YES;
				CLANG_WARN_OBJC_LITERAL_CONVERSION = YES;
				CLANG_WARN_OBJC_ROOT_CLASS = YES_ERROR;
				CLANG_WARN_RANGE_LOOP_ANALYSIS = YES;
				CLANG_WARN_STRICT_PROTOTYPES = YES;
				CLANG_WARN_SUSPICIOUS_MOVE = YES;
				CLANG_WARN_UNGUARDED_AVAILABILITY = YES_AGGRESSIVE;
				CLANG_WARN_UNREACHABLE_CODE = YES;
				CLANG_WARN__DUPLICATE_METHOD_MATCH = YES;
				CODE_SIGN_IDENTITY = "iPhone Developer";
				COPY_PHASE_STRIP = NO;
				DEBUG_INFORMATION_FORMAT = "dwarf-with-dsym";
				ENABLE_NS_ASSERTIONS = NO;
				ENABLE_STRICT_OBJC_MSGSEND = YES;
				GCC_C_LANGUAGE_STANDARD = gnu11;
				GCC_NO_COMMON_BLOCKS = YES;
				GCC_WARN_64_TO_32_BIT_CONVERSION = YES;
				GCC_WARN_ABOUT_RETURN_TYPE = YES_ERROR;
				GCC_WARN_UNDECLARED_SELECTOR = YES;
				GCC_WARN_UNINITIALIZED_AUTOS = YES_AGGRESSIVE;
				GCC_WARN_UNUSED_FUNCTION = YES;
				GCC_WARN_UNUSED_VARIABLE = YES;
				IPHONEOS_DEPLOYMENT_TARGET = 11.1;
				MTL_ENABLE_DEBUG_INFO = NO;
				SDKROOT = iphoneos;
				SWIFT_OPTIMIZATION_LEVEL = "-Owholemodule";
				VALIDATE_PRODUCT = YES;
			};
			name = Release;
		};
		5B716CA61FDCECC40056EE9A /* Debug */ = {
			isa = XCBuildConfiguration;
			buildSettings = {
				ASSETCATALOG_COMPILER_APPICON_NAME = AppIcon;
				CODE_SIGN_STYLE = Automatic;
				INFOPLIST_FILE = TP_pgalgo_finale/Info.plist;
				IPHONEOS_DEPLOYMENT_TARGET = 11.0;
				LD_RUNPATH_SEARCH_PATHS = "$(inherited) @executable_path/Frameworks";
				PRODUCT_BUNDLE_IDENTIFIER = "com.rodrigo.TP-pgalgo-finale";
				PRODUCT_NAME = "$(TARGET_NAME)";
				SWIFT_VERSION = 4.0;
				TARGETED_DEVICE_FAMILY = "1,2";
			};
			name = Debug;
		};
		5B716CA71FDCECC40056EE9A /* Release */ = {
			isa = XCBuildConfiguration;
			buildSettings = {
				ASSETCATALOG_COMPILER_APPICON_NAME = AppIcon;
				CODE_SIGN_STYLE = Automatic;
				INFOPLIST_FILE = TP_pgalgo_finale/Info.plist;
				IPHONEOS_DEPLOYMENT_TARGET = 11.0;
				LD_RUNPATH_SEARCH_PATHS = "$(inherited) @executable_path/Frameworks";
				PRODUCT_BUNDLE_IDENTIFIER = "com.rodrigo.TP-pgalgo-finale";
				PRODUCT_NAME = "$(TARGET_NAME)";
				SWIFT_VERSION = 4.0;
				TARGETED_DEVICE_FAMILY = "1,2";
			};
			name = Release;
		};
		5B716CA91FDCECC40056EE9A /* Debug */ = {
			isa = XCBuildConfiguration;
			buildSettings = {
				ALWAYS_EMBED_SWIFT_STANDARD_LIBRARIES = YES;
				BUNDLE_LOADER = "$(TEST_HOST)";
				CODE_SIGN_STYLE = Automatic;
				INFOPLIST_FILE = TP_pgalgo_finaleTests/Info.plist;
				LD_RUNPATH_SEARCH_PATHS = "$(inherited) @executable_path/Frameworks @loader_path/Frameworks";
				PRODUCT_BUNDLE_IDENTIFIER = "com.rodrigo.TP-pgalgo-finaleTests";
				PRODUCT_NAME = "$(TARGET_NAME)";
				SWIFT_VERSION = 4.0;
				TARGETED_DEVICE_FAMILY = "1,2";
				TEST_HOST = "$(BUILT_PRODUCTS_DIR)/TP_pgalgo_finale.app/TP_pgalgo_finale";
			};
			name = Debug;
		};
		5B716CAA1FDCECC40056EE9A /* Release */ = {
			isa = XCBuildConfiguration;
			buildSettings = {
				ALWAYS_EMBED_SWIFT_STANDARD_LIBRARIES = YES;
				BUNDLE_LOADER = "$(TEST_HOST)";
				CODE_SIGN_STYLE = Automatic;
				INFOPLIST_FILE = TP_pgalgo_finaleTests/Info.plist;
				LD_RUNPATH_SEARCH_PATHS = "$(inherited) @executable_path/Frameworks @loader_path/Frameworks";
				PRODUCT_BUNDLE_IDENTIFIER = "com.rodrigo.TP-pgalgo-finaleTests";
				PRODUCT_NAME = "$(TARGET_NAME)";
				SWIFT_VERSION = 4.0;
				TARGETED_DEVICE_FAMILY = "1,2";
				TEST_HOST = "$(BUILT_PRODUCTS_DIR)/TP_pgalgo_finale.app/TP_pgalgo_finale";
			};
			name = Release;
		};
		5B716CAC1FDCECC40056EE9A /* Debug */ = {
			isa = XCBuildConfiguration;
			buildSettings = {
				ALWAYS_EMBED_SWIFT_STANDARD_LIBRARIES = YES;
				CODE_SIGN_STYLE = Automatic;
				INFOPLIST_FILE = TP_pgalgo_finaleUITests/Info.plist;
				LD_RUNPATH_SEARCH_PATHS = "$(inherited) @executable_path/Frameworks @loader_path/Frameworks";
				PRODUCT_BUNDLE_IDENTIFIER = "com.rodrigo.TP-pgalgo-finaleUITests";
				PRODUCT_NAME = "$(TARGET_NAME)";
				SWIFT_VERSION = 4.0;
				TARGETED_DEVICE_FAMILY = "1,2";
				TEST_TARGET_NAME = TP_pgalgo_finale;
			};
			name = Debug;
		};
		5B716CAD1FDCECC40056EE9A /* Release */ = {
			isa = XCBuildConfiguration;
			buildSettings = {
				ALWAYS_EMBED_SWIFT_STANDARD_LIBRARIES = YES;
				CODE_SIGN_STYLE = Automatic;
				INFOPLIST_FILE = TP_pgalgo_finaleUITests/Info.plist;
				LD_RUNPATH_SEARCH_PATHS = "$(inherited) @executable_path/Frameworks @loader_path/Frameworks";
				PRODUCT_BUNDLE_IDENTIFIER = "com.rodrigo.TP-pgalgo-finaleUITests";
				PRODUCT_NAME = "$(TARGET_NAME)";
				SWIFT_VERSION = 4.0;
				TARGETED_DEVICE_FAMILY = "1,2";
				TEST_TARGET_NAME = TP_pgalgo_finale;
			};
			name = Release;
		};
/* End XCBuildConfiguration section */

/* Begin XCConfigurationList section */
		5B716C781FDCECC30056EE9A /* Build configuration list for PBXProject "TP_pgalgo_finale" */ = {
			isa = XCConfigurationList;
			buildConfigurations = (
				5B716CA31FDCECC40056EE9A /* Debug */,
				5B716CA41FDCECC40056EE9A /* Release */,
			);
			defaultConfigurationIsVisible = 0;
			defaultConfigurationName = Release;
		};
		5B716CA51FDCECC40056EE9A /* Build configuration list for PBXNativeTarget "TP_pgalgo_finale" */ = {
			isa = XCConfigurationList;
			buildConfigurations = (
				5B716CA61FDCECC40056EE9A /* Debug */,
				5B716CA71FDCECC40056EE9A /* Release */,
			);
			defaultConfigurationIsVisible = 0;
			defaultConfigurationName = Release;
		};
		5B716CA81FDCECC40056EE9A /* Build configuration list for PBXNativeTarget "TP_pgalgo_finaleTests" */ = {
			isa = XCConfigurationList;
			buildConfigurations = (
				5B716CA91FDCECC40056EE9A /* Debug */,
				5B716CAA1FDCECC40056EE9A /* Release */,
			);
			defaultConfigurationIsVisible = 0;
			defaultConfigurationName = Release;
		};
		5B716CAB1FDCECC40056EE9A /* Build configuration list for PBXNativeTarget "TP_pgalgo_finaleUITests" */ = {
			isa = XCConfigurationList;
			buildConfigurations = (
				5B716CAC1FDCECC40056EE9A /* Debug */,
				5B716CAD1FDCECC40056EE9A /* Release */,
			);
			defaultConfigurationIsVisible = 0;
			defaultConfigurationName = Release;
		};
/* End XCConfigurationList section */
	};
	rootObject = 5B716C751FDCECC30056EE9A /* Project object */;
}
